// !$*UTF8*$!
{
	archiveVersion = 1;
	classes = {
	};
	objectVersion = 77;
	objects = {

/* Begin PBXBuildFile section */
		0B74F23BD9BE83B950768D46 /* NetworkRequestTableViewCell.swift in Sources */ = {isa = PBXBuildFile; fileRef = 35F39413C27875029EF013E4 /* NetworkRequestTableViewCell.swift */; };
		0BF4100A7119BC065F7C9EC6 /* ExampleCustomTest.swift in Sources */ = {isa = PBXBuildFile; fileRef = E0A7E48927CB04944CBAEBE9 /* ExampleCustomTest.swift */; };
		25BE69B0551C3413DABFC26E /* DOMInspectionTests.swift in Sources */ = {isa = PBXBuildFile; fileRef = C07CAC8899836CB38DBB5975 /* DOMInspectionTests.swift */; };
		2ADFBF1FF38F6ADB3F00D686 /* DevToolsViewController.swift in Sources */ = {isa = PBXBuildFile; fileRef = 4767E8FF2270CDDC608E09DE /* DevToolsViewController.swift */; };
		364E42A9C714BCCC2BB6F760 /* AppDelegate.swift in Sources */ = {isa = PBXBuildFile; fileRef = 1563DE6E1C0757DBB1502D0B /* AppDelegate.swift */; };
		3FE79C78B8A730D9FC0817AD /* NetworkMonitor.swift in Sources */ = {isa = PBXBuildFile; fileRef = C84C0000F5FDFC19B0418543 /* NetworkMonitor.swift */; };
		47C0A74F525F9B21E9CEAF6E /* NetworkMonitoringTests.swift in Sources */ = {isa = PBXBuildFile; fileRef = BD4F6F6F632E0CF8BEF9D02B /* NetworkMonitoringTests.swift */; };
		501C00EE53F16E01AE178907 /* hello.js in Resources */ = {isa = PBXBuildFile; fileRef = B393E0B84E00E693FD2FA24D /* hello.js */; };
		77D6E1C85D0D4F9AB1EF1B0D /* DevToolsTests.swift in Sources */ = {isa = PBXBuildFile; fileRef = A94FA58CF27C38C886C0BCAB /* DevToolsTests.swift */; };
		7894538BB22D88396D74DB88 /* ScreenshotManager.swift in Sources */ = {isa = PBXBuildFile; fileRef = 72B9E525B7F52AB582C0B022 /* ScreenshotManager.swift */; };
		7C04A24C9E5FA7D955786081 /* LazyDOMTableViewCell.swift in Sources */ = {isa = PBXBuildFile; fileRef = FB577F5737956A282B3DDEA4 /* LazyDOMTableViewCell.swift */; };
		8A08C1D67A554E1F4385EFD4 /* BerrryTestFramework.swift in Sources */ = {isa = PBXBuildFile; fileRef = 4B330FCB0FA9E247A01A682A /* BerrryTestFramework.swift */; };
		9209B3EEF636B86C457EC3C1 /* NetworkRequestModels.swift in Sources */ = {isa = PBXBuildFile; fileRef = A5A7F19191B1841F55CA1CC1 /* NetworkRequestModels.swift */; };
		9FF63FDA9DB8FDA315A09F53 /* LazyDOMInspector.swift in Sources */ = {isa = PBXBuildFile; fileRef = 1B53C1AF71F0BC83C014A735 /* LazyDOMInspector.swift */; };
		A47B231E939B9D6A52FFF87B /* lazy-dom.js in Resources */ = {isa = PBXBuildFile; fileRef = 4838F56AD5D4B36085906332 /* lazy-dom.js */; };
		A6B6404C4D4ACE41CD0758C6 /* AppLaunchTests.swift in Sources */ = {isa = PBXBuildFile; fileRef = 33B838035745E783416A5739 /* AppLaunchTests.swift */; };
		AB81C4C8441DC01AFCCBBDF4 /* URLSchemeTests.swift in Sources */ = {isa = PBXBuildFile; fileRef = 086CB4376AF63ED1E612D750 /* URLSchemeTests.swift */; };
		C0CD020B3EF9B9FD438B5E2D /* LazyDOMTests.swift in Sources */ = {isa = PBXBuildFile; fileRef = 727DD9D086E59AEAD360605A /* LazyDOMTests.swift */; };
		C7881202DB53E6CAC7CC9B34 /* BrowserViewController.swift in Sources */ = {isa = PBXBuildFile; fileRef = 1AED59A7E03FAE1D18652F08 /* BrowserViewController.swift */; };
		E85A6B5E3333DFFEAC7DF1E2 /* Models.swift in Sources */ = {isa = PBXBuildFile; fileRef = 342BB5E62130C1E5792B8F85 /* Models.swift */; };
/* End PBXBuildFile section */

/* Begin PBXContainerItemProxy section */
		8D9CF9B9EA1C0BC403628D4B /* PBXContainerItemProxy */ = {
			isa = PBXContainerItemProxy;
			containerPortal = FA438E54350C1995D427BE70 /* Project object */;
			proxyType = 1;
			remoteGlobalIDString = AED922449AB0B87398C0692C;
			remoteInfo = BerrryDebugger;
		};
/* End PBXContainerItemProxy section */

/* Begin PBXFileReference section */
		086CB4376AF63ED1E612D750 /* URLSchemeTests.swift */ = {isa = PBXFileReference; lastKnownFileType = sourcecode.swift; path = URLSchemeTests.swift; sourceTree = "<group>"; };
		1563DE6E1C0757DBB1502D0B /* AppDelegate.swift */ = {isa = PBXFileReference; lastKnownFileType = sourcecode.swift; path = AppDelegate.swift; sourceTree = "<group>"; };
		1AED59A7E03FAE1D18652F08 /* BrowserViewController.swift */ = {isa = PBXFileReference; lastKnownFileType = sourcecode.swift; path = BrowserViewController.swift; sourceTree = "<group>"; };
		1B53C1AF71F0BC83C014A735 /* LazyDOMInspector.swift */ = {isa = PBXFileReference; lastKnownFileType = sourcecode.swift; path = LazyDOMInspector.swift; sourceTree = "<group>"; };
		33B838035745E783416A5739 /* AppLaunchTests.swift */ = {isa = PBXFileReference; lastKnownFileType = sourcecode.swift; path = AppLaunchTests.swift; sourceTree = "<group>"; };
		342BB5E62130C1E5792B8F85 /* Models.swift */ = {isa = PBXFileReference; lastKnownFileType = sourcecode.swift; path = Models.swift; sourceTree = "<group>"; };
		35F39413C27875029EF013E4 /* NetworkRequestTableViewCell.swift */ = {isa = PBXFileReference; lastKnownFileType = sourcecode.swift; path = NetworkRequestTableViewCell.swift; sourceTree = "<group>"; };
		4767E8FF2270CDDC608E09DE /* DevToolsViewController.swift */ = {isa = PBXFileReference; lastKnownFileType = sourcecode.swift; path = DevToolsViewController.swift; sourceTree = "<group>"; };
		4838F56AD5D4B36085906332 /* lazy-dom.js */ = {isa = PBXFileReference; lastKnownFileType = sourcecode.javascript; path = "lazy-dom.js"; sourceTree = "<group>"; };
		4B330FCB0FA9E247A01A682A /* BerrryTestFramework.swift */ = {isa = PBXFileReference; lastKnownFileType = sourcecode.swift; path = BerrryTestFramework.swift; sourceTree = "<group>"; };
		64A7E020A53A3F23AEE00251 /* BerrryDebugger.app */ = {isa = PBXFileReference; includeInIndex = 0; lastKnownFileType = wrapper.application; path = BerrryDebugger.app; sourceTree = BUILT_PRODUCTS_DIR; };
		727DD9D086E59AEAD360605A /* LazyDOMTests.swift */ = {isa = PBXFileReference; lastKnownFileType = sourcecode.swift; path = LazyDOMTests.swift; sourceTree = "<group>"; };
		72B9E525B7F52AB582C0B022 /* ScreenshotManager.swift */ = {isa = PBXFileReference; lastKnownFileType = sourcecode.swift; path = ScreenshotManager.swift; sourceTree = "<group>"; };
		A0B3616BF6309468F301CCF1 /* BerrryDebuggerUITests.xctest */ = {isa = PBXFileReference; includeInIndex = 0; lastKnownFileType = wrapper.cfbundle; path = BerrryDebuggerUITests.xctest; sourceTree = BUILT_PRODUCTS_DIR; };
		A5A7F19191B1841F55CA1CC1 /* NetworkRequestModels.swift */ = {isa = PBXFileReference; lastKnownFileType = sourcecode.swift; path = NetworkRequestModels.swift; sourceTree = "<group>"; };
		A94FA58CF27C38C886C0BCAB /* DevToolsTests.swift */ = {isa = PBXFileReference; lastKnownFileType = sourcecode.swift; path = DevToolsTests.swift; sourceTree = "<group>"; };
		AB70FBF433EA4B22AC5E0507 /* Info.plist */ = {isa = PBXFileReference; lastKnownFileType = text.plist; path = Info.plist; sourceTree = "<group>"; };
		B393E0B84E00E693FD2FA24D /* hello.js */ = {isa = PBXFileReference; lastKnownFileType = sourcecode.javascript; path = hello.js; sourceTree = "<group>"; };
		BD4F6F6F632E0CF8BEF9D02B /* NetworkMonitoringTests.swift */ = {isa = PBXFileReference; lastKnownFileType = sourcecode.swift; path = NetworkMonitoringTests.swift; sourceTree = "<group>"; };
		C07CAC8899836CB38DBB5975 /* DOMInspectionTests.swift */ = {isa = PBXFileReference; lastKnownFileType = sourcecode.swift; path = DOMInspectionTests.swift; sourceTree = "<group>"; };
		C84C0000F5FDFC19B0418543 /* NetworkMonitor.swift */ = {isa = PBXFileReference; lastKnownFileType = sourcecode.swift; path = NetworkMonitor.swift; sourceTree = "<group>"; };
		E0A7E48927CB04944CBAEBE9 /* ExampleCustomTest.swift */ = {isa = PBXFileReference; lastKnownFileType = sourcecode.swift; path = ExampleCustomTest.swift; sourceTree = "<group>"; };
		FB577F5737956A282B3DDEA4 /* LazyDOMTableViewCell.swift */ = {isa = PBXFileReference; lastKnownFileType = sourcecode.swift; path = LazyDOMTableViewCell.swift; sourceTree = "<group>"; };
/* End PBXFileReference section */

/* Begin PBXGroup section */
		09DEFF8E80268FB442A1D7B3 /* Products */ = {
			isa = PBXGroup;
			children = (
				64A7E020A53A3F23AEE00251 /* BerrryDebugger.app */,
				A0B3616BF6309468F301CCF1 /* BerrryDebuggerUITests.xctest */,
			);
			name = Products;
			sourceTree = "<group>";
		};
		44A2D05C15D876D1689D4F90 /* CustomTests */ = {
			isa = PBXGroup;
			children = (
				E0A7E48927CB04944CBAEBE9 /* ExampleCustomTest.swift */,
			);
			path = CustomTests;
			sourceTree = "<group>";
		};
		609A376C34E088CBAB1D3DCC /* UITests */ = {
			isa = PBXGroup;
			children = (
				44A2D05C15D876D1689D4F90 /* CustomTests */,
				75CC204F40C711BE6E2AC2F1 /* Framework */,
				AE31A6A56ACF5F09B1232710 /* SmokeTests */,
			);
			path = UITests;
			sourceTree = "<group>";
		};
		75CC204F40C711BE6E2AC2F1 /* Framework */ = {
			isa = PBXGroup;
			children = (
				4B330FCB0FA9E247A01A682A /* BerrryTestFramework.swift */,
				72B9E525B7F52AB582C0B022 /* ScreenshotManager.swift */,
			);
			path = Framework;
			sourceTree = "<group>";
		};
		AE31A6A56ACF5F09B1232710 /* SmokeTests */ = {
			isa = PBXGroup;
			children = (
				33B838035745E783416A5739 /* AppLaunchTests.swift */,
				A94FA58CF27C38C886C0BCAB /* DevToolsTests.swift */,
				C07CAC8899836CB38DBB5975 /* DOMInspectionTests.swift */,
				727DD9D086E59AEAD360605A /* LazyDOMTests.swift */,
				BD4F6F6F632E0CF8BEF9D02B /* NetworkMonitoringTests.swift */,
				086CB4376AF63ED1E612D750 /* URLSchemeTests.swift */,
			);
			path = SmokeTests;
			sourceTree = "<group>";
		};
		BECCA7681280A6A2A8597729 /* Sources */ = {
			isa = PBXGroup;
			children = (
				1563DE6E1C0757DBB1502D0B /* AppDelegate.swift */,
				1AED59A7E03FAE1D18652F08 /* BrowserViewController.swift */,
				4767E8FF2270CDDC608E09DE /* DevToolsViewController.swift */,
				B393E0B84E00E693FD2FA24D /* hello.js */,
				AB70FBF433EA4B22AC5E0507 /* Info.plist */,
				4838F56AD5D4B36085906332 /* lazy-dom.js */,
				1B53C1AF71F0BC83C014A735 /* LazyDOMInspector.swift */,
				FB577F5737956A282B3DDEA4 /* LazyDOMTableViewCell.swift */,
				342BB5E62130C1E5792B8F85 /* Models.swift */,
				C84C0000F5FDFC19B0418543 /* NetworkMonitor.swift */,
				A5A7F19191B1841F55CA1CC1 /* NetworkRequestModels.swift */,
				35F39413C27875029EF013E4 /* NetworkRequestTableViewCell.swift */,
			);
			path = Sources;
			sourceTree = "<group>";
		};
		E553AEA26701B65AC3C5D4B5 = {
			isa = PBXGroup;
			children = (
				BECCA7681280A6A2A8597729 /* Sources */,
				609A376C34E088CBAB1D3DCC /* UITests */,
				09DEFF8E80268FB442A1D7B3 /* Products */,
			);
			sourceTree = "<group>";
		};
/* End PBXGroup section */

/* Begin PBXNativeTarget section */
		819F76468DC93A00755095B2 /* BerrryDebuggerUITests */ = {
			isa = PBXNativeTarget;
			buildConfigurationList = B7A2852E7FD8580C46028751 /* Build configuration list for PBXNativeTarget "BerrryDebuggerUITests" */;
			buildPhases = (
				DA9821C81FA36D0C1C260825 /* Sources */,
			);
			buildRules = (
			);
			dependencies = (
				ED69A3406C7F6F436BBD5D4C /* PBXTargetDependency */,
			);
			name = BerrryDebuggerUITests;
			packageProductDependencies = (
			);
			productName = BerrryDebuggerUITests;
			productReference = A0B3616BF6309468F301CCF1 /* BerrryDebuggerUITests.xctest */;
			productType = "com.apple.product-type.bundle.ui-testing";
		};
		AED922449AB0B87398C0692C /* BerrryDebugger */ = {
			isa = PBXNativeTarget;
			buildConfigurationList = 58F7EF61DE2C555FF87CDF9C /* Build configuration list for PBXNativeTarget "BerrryDebugger" */;
			buildPhases = (
				6A83BCBC94DD5FE6EAF3E0BC /* Sources */,
				A3BECA95CCD2EF8DEC8A83D0 /* Resources */,
			);
			buildRules = (
			);
			dependencies = (
			);
			name = BerrryDebugger;
			packageProductDependencies = (
			);
			productName = BerrryDebugger;
			productReference = 64A7E020A53A3F23AEE00251 /* BerrryDebugger.app */;
			productType = "com.apple.product-type.application";
		};
/* End PBXNativeTarget section */

/* Begin PBXProject section */
		FA438E54350C1995D427BE70 /* Project object */ = {
			isa = PBXProject;
			attributes = {
				BuildIndependentTargetsInParallel = YES;
				LastUpgradeCheck = 1430;
				TargetAttributes = {
					819F76468DC93A00755095B2 = {
						TestTargetID = AED922449AB0B87398C0692C;
					};
				};
			};
			buildConfigurationList = 4A026D0BCBD315FE25DA8964 /* Build configuration list for PBXProject "BerrryDebugger" */;
			compatibilityVersion = "Xcode 14.0";
			developmentRegion = en;
			hasScannedForEncodings = 0;
			knownRegions = (
				Base,
				en,
			);
			mainGroup = E553AEA26701B65AC3C5D4B5;
			minimizedProjectReferenceProxies = 1;
			preferredProjectObjectVersion = 77;
			projectDirPath = "";
			projectRoot = "";
			targets = (
				AED922449AB0B87398C0692C /* BerrryDebugger */,
				819F76468DC93A00755095B2 /* BerrryDebuggerUITests */,
			);
		};
/* End PBXProject section */

/* Begin PBXResourcesBuildPhase section */
		A3BECA95CCD2EF8DEC8A83D0 /* Resources */ = {
			isa = PBXResourcesBuildPhase;
			buildActionMask = 2147483647;
			files = (
				501C00EE53F16E01AE178907 /* hello.js in Resources */,
				A47B231E939B9D6A52FFF87B /* lazy-dom.js in Resources */,
			);
			runOnlyForDeploymentPostprocessing = 0;
		};
/* End PBXResourcesBuildPhase section */

/* Begin PBXSourcesBuildPhase section */
		6A83BCBC94DD5FE6EAF3E0BC /* Sources */ = {
			isa = PBXSourcesBuildPhase;
			buildActionMask = 2147483647;
			files = (
				364E42A9C714BCCC2BB6F760 /* AppDelegate.swift in Sources */,
				C7881202DB53E6CAC7CC9B34 /* BrowserViewController.swift in Sources */,
				2ADFBF1FF38F6ADB3F00D686 /* DevToolsViewController.swift in Sources */,
				9FF63FDA9DB8FDA315A09F53 /* LazyDOMInspector.swift in Sources */,
				7C04A24C9E5FA7D955786081 /* LazyDOMTableViewCell.swift in Sources */,
				E85A6B5E3333DFFEAC7DF1E2 /* Models.swift in Sources */,
				3FE79C78B8A730D9FC0817AD /* NetworkMonitor.swift in Sources */,
				9209B3EEF636B86C457EC3C1 /* NetworkRequestModels.swift in Sources */,
				0B74F23BD9BE83B950768D46 /* NetworkRequestTableViewCell.swift in Sources */,
			);
			runOnlyForDeploymentPostprocessing = 0;
		};
		DA9821C81FA36D0C1C260825 /* Sources */ = {
			isa = PBXSourcesBuildPhase;
			buildActionMask = 2147483647;
			files = (
				A6B6404C4D4ACE41CD0758C6 /* AppLaunchTests.swift in Sources */,
				8A08C1D67A554E1F4385EFD4 /* BerrryTestFramework.swift in Sources */,
				25BE69B0551C3413DABFC26E /* DOMInspectionTests.swift in Sources */,
				77D6E1C85D0D4F9AB1EF1B0D /* DevToolsTests.swift in Sources */,
				0BF4100A7119BC065F7C9EC6 /* ExampleCustomTest.swift in Sources */,
				C0CD020B3EF9B9FD438B5E2D /* LazyDOMTests.swift in Sources */,
				47C0A74F525F9B21E9CEAF6E /* NetworkMonitoringTests.swift in Sources */,
				7894538BB22D88396D74DB88 /* ScreenshotManager.swift in Sources */,
				AB81C4C8441DC01AFCCBBDF4 /* URLSchemeTests.swift in Sources */,
			);
			runOnlyForDeploymentPostprocessing = 0;
		};
/* End PBXSourcesBuildPhase section */

/* Begin PBXTargetDependency section */
		ED69A3406C7F6F436BBD5D4C /* PBXTargetDependency */ = {
			isa = PBXTargetDependency;
			target = AED922449AB0B87398C0692C /* BerrryDebugger */;
			targetProxy = 8D9CF9B9EA1C0BC403628D4B /* PBXContainerItemProxy */;
		};
/* End PBXTargetDependency section */

/* Begin XCBuildConfiguration section */
		4BA7E66BC57F8B720FE28D9A /* Release */ = {
			isa = XCBuildConfiguration;
			buildSettings = {
				BUNDLE_LOADER = "$(TEST_HOST)";
				GENERATE_INFOPLIST_FILE = YES;
				IPHONEOS_DEPLOYMENT_TARGET = 15.0;
				LD_RUNPATH_SEARCH_PATHS = (
					"$(inherited)",
					"@executable_path/Frameworks",
					"@loader_path/Frameworks",
				);
				PRODUCT_BUNDLE_IDENTIFIER = app.berrry.debugger.uitests;
				SDKROOT = iphoneos;
				TARGETED_DEVICE_FAMILY = "1,2";
				TEST_TARGET_NAME = BerrryDebugger;
			};
			name = Release;
		};
		53A8D3F142C78E8E2D513752 /* Debug */ = {
			isa = XCBuildConfiguration;
			buildSettings = {
				ALWAYS_SEARCH_USER_PATHS = NO;
				ARCHS = arm64;
				CLANG_ANALYZER_NONNULL = YES;
				CLANG_ANALYZER_NUMBER_OBJECT_CONVERSION = YES_AGGRESSIVE;
				CLANG_CXX_LANGUAGE_STANDARD = "gnu++14";
				CLANG_CXX_LIBRARY = "libc++";
				CLANG_ENABLE_MODULES = YES;
				CLANG_ENABLE_OBJC_ARC = YES;
				CLANG_ENABLE_OBJC_WEAK = YES;
				CLANG_WARN_BLOCK_CAPTURE_AUTORELEASING = YES;
				CLANG_WARN_BOOL_CONVERSION = YES;
				CLANG_WARN_COMMA = YES;
				CLANG_WARN_CONSTANT_CONVERSION = YES;
				CLANG_WARN_DEPRECATED_OBJC_IMPLEMENTATIONS = YES;
				CLANG_WARN_DIRECT_OBJC_ISA_USAGE = YES_ERROR;
				CLANG_WARN_DOCUMENTATION_COMMENTS = YES;
				CLANG_WARN_EMPTY_BODY = YES;
				CLANG_WARN_ENUM_CONVERSION = YES;
				CLANG_WARN_INFINITE_RECURSION = YES;
				CLANG_WARN_INT_CONVERSION = YES;
				CLANG_WARN_NON_LITERAL_NULL_CONVERSION = YES;
				CLANG_WARN_OBJC_IMPLICIT_RETAIN_SELF = YES;
				CLANG_WARN_OBJC_LITERAL_CONVERSION = YES;
				CLANG_WARN_OBJC_ROOT_CLASS = YES_ERROR;
				CLANG_WARN_QUOTED_INCLUDE_IN_FRAMEWORK_HEADER = YES;
				CLANG_WARN_RANGE_LOOP_ANALYSIS = YES;
				CLANG_WARN_STRICT_PROTOTYPES = YES;
				CLANG_WARN_SUSPICIOUS_MOVE = YES;
				CLANG_WARN_UNGUARDED_AVAILABILITY = YES_AGGRESSIVE;
				CLANG_WARN_UNREACHABLE_CODE = YES;
				CLANG_WARN__DUPLICATE_METHOD_MATCH = YES;
				COPY_PHASE_STRIP = YES;
				DEAD_CODE_STRIPPING = YES;
				DEBUG_INFORMATION_FORMAT = dwarf;
				ENABLE_BITCODE = YES;
				ENABLE_STRICT_OBJC_MSGSEND = YES;
				ENABLE_TESTABILITY = YES;
				GCC_C_LANGUAGE_STANDARD = gnu11;
				GCC_DYNAMIC_NO_PIC = NO;
				GCC_NO_COMMON_BLOCKS = YES;
				GCC_OPTIMIZATION_LEVEL = s;
				GCC_PREPROCESSOR_DEFINITIONS = (
					"$(inherited)",
					"DEBUG=1",
				);
				GCC_WARN_64_TO_32_BIT_CONVERSION = YES;
				GCC_WARN_ABOUT_RETURN_TYPE = YES_ERROR;
				GCC_WARN_UNDECLARED_SELECTOR = YES;
				GCC_WARN_UNINITIALIZED_AUTOS = YES_AGGRESSIVE;
				GCC_WARN_UNUSED_FUNCTION = YES;
				GCC_WARN_UNUSED_VARIABLE = YES;
				IPHONEOS_DEPLOYMENT_TARGET = 15.0;
				MTL_ENABLE_DEBUG_INFO = INCLUDE_SOURCE;
				MTL_FAST_MATH = YES;
				ONLY_ACTIVE_ARCH = YES;
				PRODUCT_NAME = "$(TARGET_NAME)";
				SDKROOT = iphoneos;
				STRIP_INSTALLED_PRODUCT = YES;
				STRIP_STYLE = "non-global";
				SWIFT_ACTIVE_COMPILATION_CONDITIONS = DEBUG;
				SWIFT_OPTIMIZATION_LEVEL = "-Osize";
				SWIFT_VERSION = 5.0;
				VALID_ARCHS = arm64;
			};
			name = Debug;
		};
		5D5411F086ED4C1638396892 /* Release */ = {
			isa = XCBuildConfiguration;
			buildSettings = {
				ASSETCATALOG_COMPILER_APPICON_NAME = AppIcon;
				CODE_SIGN_IDENTITY = "iPhone Developer";
				CURRENT_PROJECT_VERSION = 1;
				INFOPLIST_FILE = Sources/Info.plist;
				IPHONEOS_DEPLOYMENT_TARGET = 15.0;
				LD_RUNPATH_SEARCH_PATHS = (
					"$(inherited)",
					"@executable_path/Frameworks",
				);
				MARKETING_VERSION = 1.0;
				PRODUCT_BUNDLE_IDENTIFIER = app.berrry.debugger;
				SDKROOT = iphoneos;
				TARGETED_DEVICE_FAMILY = "1,2";
			};
			name = Release;
		};
		6B93E8C02DB2D175004EAEE6 /* Debug */ = {
			isa = XCBuildConfiguration;
			buildSettings = {
				BUNDLE_LOADER = "$(TEST_HOST)";
				GENERATE_INFOPLIST_FILE = YES;
				IPHONEOS_DEPLOYMENT_TARGET = 15.0;
				LD_RUNPATH_SEARCH_PATHS = (
					"$(inherited)",
					"@executable_path/Frameworks",
					"@loader_path/Frameworks",
				);
				PRODUCT_BUNDLE_IDENTIFIER = app.berrry.debugger.uitests;
				SDKROOT = iphoneos;
				TARGETED_DEVICE_FAMILY = "1,2";
				TEST_TARGET_NAME = BerrryDebugger;
			};
			name = Debug;
		};
		85270FE040F1D683572418B6 /* Release */ = {
			isa = XCBuildConfiguration;
			buildSettings = {
				ALWAYS_SEARCH_USER_PATHS = NO;
				ARCHS = arm64;
				CLANG_ANALYZER_NONNULL = YES;
				CLANG_ANALYZER_NUMBER_OBJECT_CONVERSION = YES_AGGRESSIVE;
				CLANG_CXX_LANGUAGE_STANDARD = "gnu++14";
				CLANG_CXX_LIBRARY = "libc++";
				CLANG_ENABLE_MODULES = YES;
				CLANG_ENABLE_OBJC_ARC = YES;
				CLANG_ENABLE_OBJC_WEAK = YES;
				CLANG_WARN_BLOCK_CAPTURE_AUTORELEASING = YES;
				CLANG_WARN_BOOL_CONVERSION = YES;
				CLANG_WARN_COMMA = YES;
				CLANG_WARN_CONSTANT_CONVERSION = YES;
				CLANG_WARN_DEPRECATED_OBJC_IMPLEMENTATIONS = YES;
				CLANG_WARN_DIRECT_OBJC_ISA_USAGE = YES_ERROR;
				CLANG_WARN_DOCUMENTATION_COMMENTS = YES;
				CLANG_WARN_EMPTY_BODY = YES;
				CLANG_WARN_ENUM_CONVERSION = YES;
				CLANG_WARN_INFINITE_RECURSION = YES;
				CLANG_WARN_INT_CONVERSION = YES;
				CLANG_WARN_NON_LITERAL_NULL_CONVERSION = YES;
				CLANG_WARN_OBJC_IMPLICIT_RETAIN_SELF = YES;
				CLANG_WARN_OBJC_LITERAL_CONVERSION = YES;
				CLANG_WARN_OBJC_ROOT_CLASS = YES_ERROR;
				CLANG_WARN_QUOTED_INCLUDE_IN_FRAMEWORK_HEADER = YES;
				CLANG_WARN_RANGE_LOOP_ANALYSIS = YES;
				CLANG_WARN_STRICT_PROTOTYPES = YES;
				CLANG_WARN_SUSPICIOUS_MOVE = YES;
				CLANG_WARN_UNGUARDED_AVAILABILITY = YES_AGGRESSIVE;
				CLANG_WARN_UNREACHABLE_CODE = YES;
				CLANG_WARN__DUPLICATE_METHOD_MATCH = YES;
				COPY_PHASE_STRIP = YES;
				DEAD_CODE_STRIPPING = YES;
				DEBUG_INFORMATION_FORMAT = "dwarf-with-dsym";
				ENABLE_BITCODE = YES;
				ENABLE_NS_ASSERTIONS = NO;
				ENABLE_STRICT_OBJC_MSGSEND = YES;
				ENABLE_TESTABILITY = YES;
				GCC_C_LANGUAGE_STANDARD = gnu11;
				GCC_NO_COMMON_BLOCKS = YES;
				GCC_OPTIMIZATION_LEVEL = s;
				GCC_WARN_64_TO_32_BIT_CONVERSION = YES;
				GCC_WARN_ABOUT_RETURN_TYPE = YES_ERROR;
				GCC_WARN_UNDECLARED_SELECTOR = YES;
				GCC_WARN_UNINITIALIZED_AUTOS = YES_AGGRESSIVE;
				GCC_WARN_UNUSED_FUNCTION = YES;
				GCC_WARN_UNUSED_VARIABLE = YES;
				IPHONEOS_DEPLOYMENT_TARGET = 15.0;
				MTL_ENABLE_DEBUG_INFO = NO;
				MTL_FAST_MATH = YES;
				PRODUCT_NAME = "$(TARGET_NAME)";
				SDKROOT = iphoneos;
				STRIP_INSTALLED_PRODUCT = YES;
				STRIP_STYLE = "non-global";
				SWIFT_COMPILATION_MODE = wholemodule;
				SWIFT_OPTIMIZATION_LEVEL = "-Osize";
				SWIFT_VERSION = 5.0;
				VALID_ARCHS = arm64;
			};
			name = Release;
		};
		BC0DE12B5A927F66D37D4B03 /* Debug */ = {
			isa = XCBuildConfiguration;
			buildSettings = {
				ASSETCATALOG_COMPILER_APPICON_NAME = AppIcon;
				CODE_SIGN_IDENTITY = "iPhone Developer";
				CURRENT_PROJECT_VERSION = 1;
				INFOPLIST_FILE = Sources/Info.plist;
				IPHONEOS_DEPLOYMENT_TARGET = 15.0;
				LD_RUNPATH_SEARCH_PATHS = (
					"$(inherited)",
					"@executable_path/Frameworks",
				);
				MARKETING_VERSION = 1.0;
				PRODUCT_BUNDLE_IDENTIFIER = app.berrry.debugger;
				SDKROOT = iphoneos;
				TARGETED_DEVICE_FAMILY = "1,2";
			};
			name = Debug;
		};
/* End XCBuildConfiguration section */

/* Begin XCConfigurationList section */
		4A026D0BCBD315FE25DA8964 /* Build configuration list for PBXProject "BerrryDebugger" */ = {
			isa = XCConfigurationList;
			buildConfigurations = (
				53A8D3F142C78E8E2D513752 /* Debug */,
				85270FE040F1D683572418B6 /* Release */,
			);
			defaultConfigurationIsVisible = 0;
			defaultConfigurationName = Debug;
		};
		58F7EF61DE2C555FF87CDF9C /* Build configuration list for PBXNativeTarget "BerrryDebugger" */ = {
			isa = XCConfigurationList;
			buildConfigurations = (
				BC0DE12B5A927F66D37D4B03 /* Debug */,
				5D5411F086ED4C1638396892 /* Release */,
			);
			defaultConfigurationIsVisible = 0;
			defaultConfigurationName = Debug;
		};
		B7A2852E7FD8580C46028751 /* Build configuration list for PBXNativeTarget "BerrryDebuggerUITests" */ = {
			isa = XCConfigurationList;
			buildConfigurations = (
				6B93E8C02DB2D175004EAEE6 /* Debug */,
				4BA7E66BC57F8B720FE28D9A /* Release */,
			);
			defaultConfigurationIsVisible = 0;
			defaultConfigurationName = Debug;
		};
/* End XCConfigurationList section */
	};
	rootObject = FA438E54350C1995D427BE70 /* Project object */;
}
