// !$*UTF8*$!
{
	archiveVersion = 1;
	classes = {
	};
	objectVersion = 77;
	objects = {

/* Begin PBXBuildFile section */
		0B74F23BD9BE83B950768D46 /* NetworkRequestTableViewCell.swift in Sources */ = {isa = PBXBuildFile; fileRef = 35F39413C27875029EF013E4 /* NetworkRequestTableViewCell.swift */; };
		2ADFBF1FF38F6ADB3F00D686 /* DevToolsViewController.swift in Sources */ = {isa = PBXBuildFile; fileRef = 4767E8FF2270CDDC608E09DE /* DevToolsViewController.swift */; };
		3284CD973109A1844A1D79ED /* EnhancedContextViewController.swift in Sources */ = {isa = PBXBuildFile; fileRef = 245EBB5F1C4E15FC66DB7FC8 /* EnhancedContextViewController.swift */; };
		364E42A9C714BCCC2BB6F760 /* AppDelegate.swift in Sources */ = {isa = PBXBuildFile; fileRef = 1563DE6E1C0757DBB1502D0B /* AppDelegate.swift */; };
		62F55F8841C337DECF488535 /* DOMTreeModels.swift in Sources */ = {isa = PBXBuildFile; fileRef = A0DD562E5A87DB7639EC6DA3 /* DOMTreeModels.swift */; };
		9209B3EEF636B86C457EC3C1 /* NetworkRequestModels.swift in Sources */ = {isa = PBXBuildFile; fileRef = A5A7F19191B1841F55CA1CC1 /* NetworkRequestModels.swift */; };
		BFDF6BBB01F76DF9B5BF55F1 /* DOMTreeTableViewCell.swift in Sources */ = {isa = PBXBuildFile; fileRef = E87470C3C77C6A0C0146AD36 /* DOMTreeTableViewCell.swift */; };
		C7881202DB53E6CAC7CC9B34 /* BrowserViewController.swift in Sources */ = {isa = PBXBuildFile; fileRef = 1AED59A7E03FAE1D18652F08 /* BrowserViewController.swift */; };
		E85A6B5E3333DFFEAC7DF1E2 /* Models.swift in Sources */ = {isa = PBXBuildFile; fileRef = 342BB5E62130C1E5792B8F85 /* Models.swift */; };
		F89C7C220331D647817FD15A /* ContextCopyController.swift in Sources */ = {isa = PBXBuildFile; fileRef = 52D3BBABAD841A31E33D5B7A /* ContextCopyController.swift */; };
/* End PBXBuildFile section */

/* Begin PBXFileReference section */
		1563DE6E1C0757DBB1502D0B /* AppDelegate.swift */ = {isa = PBXFileReference; lastKnownFileType = sourcecode.swift; path = AppDelegate.swift; sourceTree = "<group>"; };
		1AED59A7E03FAE1D18652F08 /* BrowserViewController.swift */ = {isa = PBXFileReference; lastKnownFileType = sourcecode.swift; path = BrowserViewController.swift; sourceTree = "<group>"; };
		245EBB5F1C4E15FC66DB7FC8 /* EnhancedContextViewController.swift */ = {isa = PBXFileReference; lastKnownFileType = sourcecode.swift; path = EnhancedContextViewController.swift; sourceTree = "<group>"; };
		342BB5E62130C1E5792B8F85 /* Models.swift */ = {isa = PBXFileReference; lastKnownFileType = sourcecode.swift; path = Models.swift; sourceTree = "<group>"; };
		35F39413C27875029EF013E4 /* NetworkRequestTableViewCell.swift */ = {isa = PBXFileReference; lastKnownFileType = sourcecode.swift; path = NetworkRequestTableViewCell.swift; sourceTree = "<group>"; };
		4767E8FF2270CDDC608E09DE /* DevToolsViewController.swift */ = {isa = PBXFileReference; lastKnownFileType = sourcecode.swift; path = DevToolsViewController.swift; sourceTree = "<group>"; };
		52D3BBABAD841A31E33D5B7A /* ContextCopyController.swift */ = {isa = PBXFileReference; lastKnownFileType = sourcecode.swift; path = ContextCopyController.swift; sourceTree = "<group>"; };
		64A7E020A53A3F23AEE00251 /* BerrryDebugger.app */ = {isa = PBXFileReference; includeInIndex = 0; lastKnownFileType = wrapper.application; path = BerrryDebugger.app; sourceTree = BUILT_PRODUCTS_DIR; };
		A0DD562E5A87DB7639EC6DA3 /* DOMTreeModels.swift */ = {isa = PBXFileReference; lastKnownFileType = sourcecode.swift; path = DOMTreeModels.swift; sourceTree = "<group>"; };
		A5A7F19191B1841F55CA1CC1 /* NetworkRequestModels.swift */ = {isa = PBXFileReference; lastKnownFileType = sourcecode.swift; path = NetworkRequestModels.swift; sourceTree = "<group>"; };
		AB70FBF433EA4B22AC5E0507 /* Info.plist */ = {isa = PBXFileReference; lastKnownFileType = text.plist; path = Info.plist; sourceTree = "<group>"; };
		E87470C3C77C6A0C0146AD36 /* DOMTreeTableViewCell.swift */ = {isa = PBXFileReference; lastKnownFileType = sourcecode.swift; path = DOMTreeTableViewCell.swift; sourceTree = "<group>"; };
/* End PBXFileReference section */

/* Begin PBXGroup section */
		09DEFF8E80268FB442A1D7B3 /* Products */ = {
			isa = PBXGroup;
			children = (
				64A7E020A53A3F23AEE00251 /* BerrryDebugger.app */,
			);
			name = Products;
			sourceTree = "<group>";
		};
		BECCA7681280A6A2A8597729 /* Sources */ = {
			isa = PBXGroup;
			children = (
				1563DE6E1C0757DBB1502D0B /* AppDelegate.swift */,
				1AED59A7E03FAE1D18652F08 /* BrowserViewController.swift */,
				52D3BBABAD841A31E33D5B7A /* ContextCopyController.swift */,
				4767E8FF2270CDDC608E09DE /* DevToolsViewController.swift */,
				A0DD562E5A87DB7639EC6DA3 /* DOMTreeModels.swift */,
				E87470C3C77C6A0C0146AD36 /* DOMTreeTableViewCell.swift */,
				245EBB5F1C4E15FC66DB7FC8 /* EnhancedContextViewController.swift */,
				AB70FBF433EA4B22AC5E0507 /* Info.plist */,
				342BB5E62130C1E5792B8F85 /* Models.swift */,
				A5A7F19191B1841F55CA1CC1 /* NetworkRequestModels.swift */,
				35F39413C27875029EF013E4 /* NetworkRequestTableViewCell.swift */,
			);
			path = Sources;
			sourceTree = "<group>";
		};
		E553AEA26701B65AC3C5D4B5 = {
			isa = PBXGroup;
			children = (
				BECCA7681280A6A2A8597729 /* Sources */,
				09DEFF8E80268FB442A1D7B3 /* Products */,
			);
			sourceTree = "<group>";
		};
/* End PBXGroup section */

/* Begin PBXNativeTarget section */
		AED922449AB0B87398C0692C /* BerrryDebugger */ = {
			isa = PBXNativeTarget;
			buildConfigurationList = 58F7EF61DE2C555FF87CDF9C /* Build configuration list for PBXNativeTarget "BerrryDebugger" */;
			buildPhases = (
				6A83BCBC94DD5FE6EAF3E0BC /* Sources */,
			);
			buildRules = (
			);
			dependencies = (
			);
			name = BerrryDebugger;
			packageProductDependencies = (
			);
			productName = BerrryDebugger;
			productReference = 64A7E020A53A3F23AEE00251 /* BerrryDebugger.app */;
			productType = "com.apple.product-type.application";
		};
/* End PBXNativeTarget section */

/* Begin PBXProject section */
		FA438E54350C1995D427BE70 /* Project object */ = {
			isa = PBXProject;
			attributes = {
				BuildIndependentTargetsInParallel = YES;
				LastUpgradeCheck = 1430;
			};
			buildConfigurationList = 4A026D0BCBD315FE25DA8964 /* Build configuration list for PBXProject "BerrryDebugger" */;
			compatibilityVersion = "Xcode 14.0";
			developmentRegion = en;
			hasScannedForEncodings = 0;
			knownRegions = (
				Base,
				en,
			);
			mainGroup = E553AEA26701B65AC3C5D4B5;
			minimizedProjectReferenceProxies = 1;
			preferredProjectObjectVersion = 77;
			projectDirPath = "";
			projectRoot = "";
			targets = (
				AED922449AB0B87398C0692C /* BerrryDebugger */,
			);
		};
/* End PBXProject section */

/* Begin PBXSourcesBuildPhase section */
		6A83BCBC94DD5FE6EAF3E0BC /* Sources */ = {
			isa = PBXSourcesBuildPhase;
			buildActionMask = 2147483647;
			files = (
				364E42A9C714BCCC2BB6F760 /* AppDelegate.swift in Sources */,
				C7881202DB53E6CAC7CC9B34 /* BrowserViewController.swift in Sources */,
				F89C7C220331D647817FD15A /* ContextCopyController.swift in Sources */,
				62F55F8841C337DECF488535 /* DOMTreeModels.swift in Sources */,
				BFDF6BBB01F76DF9B5BF55F1 /* DOMTreeTableViewCell.swift in Sources */,
				2ADFBF1FF38F6ADB3F00D686 /* DevToolsViewController.swift in Sources */,
				3284CD973109A1844A1D79ED /* EnhancedContextViewController.swift in Sources */,
				E85A6B5E3333DFFEAC7DF1E2 /* Models.swift in Sources */,
				9209B3EEF636B86C457EC3C1 /* NetworkRequestModels.swift in Sources */,
				0B74F23BD9BE83B950768D46 /* NetworkRequestTableViewCell.swift in Sources */,
			);
			runOnlyForDeploymentPostprocessing = 0;
		};
/* End PBXSourcesBuildPhase section */

/* Begin XCBuildConfiguration section */
		53A8D3F142C78E8E2D513752 /* Debug */ = {
			isa = XCBuildConfiguration;
			buildSettings = {
				ALWAYS_SEARCH_USER_PATHS = NO;
				ARCHS = arm64;
				CLANG_ANALYZER_NONNULL = YES;
				CLANG_ANALYZER_NUMBER_OBJECT_CONVERSION = YES_AGGRESSIVE;
				CLANG_CXX_LANGUAGE_STANDARD = "gnu++14";
				CLANG_CXX_LIBRARY = "libc++";
				CLANG_ENABLE_MODULES = YES;
				CLANG_ENABLE_OBJC_ARC = YES;
				CLANG_ENABLE_OBJC_WEAK = YES;
				CLANG_WARN_BLOCK_CAPTURE_AUTORELEASING = YES;
				CLANG_WARN_BOOL_CONVERSION = YES;
				CLANG_WARN_COMMA = YES;
				CLANG_WARN_CONSTANT_CONVERSION = YES;
				CLANG_WARN_DEPRECATED_OBJC_IMPLEMENTATIONS = YES;
				CLANG_WARN_DIRECT_OBJC_ISA_USAGE = YES_ERROR;
				CLANG_WARN_DOCUMENTATION_COMMENTS = YES;
				CLANG_WARN_EMPTY_BODY = YES;
				CLANG_WARN_ENUM_CONVERSION = YES;
				CLANG_WARN_INFINITE_RECURSION = YES;
				CLANG_WARN_INT_CONVERSION = YES;
				CLANG_WARN_NON_LITERAL_NULL_CONVERSION = YES;
				CLANG_WARN_OBJC_IMPLICIT_RETAIN_SELF = YES;
				CLANG_WARN_OBJC_LITERAL_CONVERSION = YES;
				CLANG_WARN_OBJC_ROOT_CLASS = YES_ERROR;
				CLANG_WARN_QUOTED_INCLUDE_IN_FRAMEWORK_HEADER = YES;
				CLANG_WARN_RANGE_LOOP_ANALYSIS = YES;
				CLANG_WARN_STRICT_PROTOTYPES = YES;
				CLANG_WARN_SUSPICIOUS_MOVE = YES;
				CLANG_WARN_UNGUARDED_AVAILABILITY = YES_AGGRESSIVE;
				CLANG_WARN_UNREACHABLE_CODE = YES;
				CLANG_WARN__DUPLICATE_METHOD_MATCH = YES;
				COPY_PHASE_STRIP = YES;
				DEAD_CODE_STRIPPING = YES;
				DEBUG_INFORMATION_FORMAT = dwarf;
				ENABLE_BITCODE = YES;
				ENABLE_STRICT_OBJC_MSGSEND = YES;
				ENABLE_TESTABILITY = NO;
				GCC_C_LANGUAGE_STANDARD = gnu11;
				GCC_DYNAMIC_NO_PIC = NO;
				GCC_NO_COMMON_BLOCKS = YES;
				GCC_OPTIMIZATION_LEVEL = s;
				GCC_PREPROCESSOR_DEFINITIONS = (
					"$(inherited)",
					"DEBUG=1",
				);
				GCC_WARN_64_TO_32_BIT_CONVERSION = YES;
				GCC_WARN_ABOUT_RETURN_TYPE = YES_ERROR;
				GCC_WARN_UNDECLARED_SELECTOR = YES;
				GCC_WARN_UNINITIALIZED_AUTOS = YES_AGGRESSIVE;
				GCC_WARN_UNUSED_FUNCTION = YES;
				GCC_WARN_UNUSED_VARIABLE = YES;
				IPHONEOS_DEPLOYMENT_TARGET = 15.0;
				MTL_ENABLE_DEBUG_INFO = INCLUDE_SOURCE;
				MTL_FAST_MATH = YES;
				ONLY_ACTIVE_ARCH = YES;
				PRODUCT_NAME = "$(TARGET_NAME)";
				SDKROOT = iphoneos;
				STRIP_INSTALLED_PRODUCT = YES;
				STRIP_STYLE = "non-global";
				SWIFT_ACTIVE_COMPILATION_CONDITIONS = DEBUG;
				SWIFT_OPTIMIZATION_LEVEL = "-Osize";
				SWIFT_VERSION = 5.0;
				VALID_ARCHS = arm64;
			};
			name = Debug;
		};
		5D5411F086ED4C1638396892 /* Release */ = {
			isa = XCBuildConfiguration;
			buildSettings = {
				ASSETCATALOG_COMPILER_APPICON_NAME = AppIcon;
				CODE_SIGN_IDENTITY = "iPhone Developer";
				CURRENT_PROJECT_VERSION = 1;
				INFOPLIST_FILE = Sources/Info.plist;
				IPHONEOS_DEPLOYMENT_TARGET = 15.0;
				LD_RUNPATH_SEARCH_PATHS = (
					"$(inherited)",
					"@executable_path/Frameworks",
				);
				MARKETING_VERSION = 1.0;
				PRODUCT_BUNDLE_IDENTIFIER = app.berrry.debugger;
				SDKROOT = iphoneos;
				TARGETED_DEVICE_FAMILY = "1,2";
			};
			name = Release;
		};
		85270FE040F1D683572418B6 /* Release */ = {
			isa = XCBuildConfiguration;
			buildSettings = {
				ALWAYS_SEARCH_USER_PATHS = NO;
				ARCHS = arm64;
				CLANG_ANALYZER_NONNULL = YES;
				CLANG_ANALYZER_NUMBER_OBJECT_CONVERSION = YES_AGGRESSIVE;
				CLANG_CXX_LANGUAGE_STANDARD = "gnu++14";
				CLANG_CXX_LIBRARY = "libc++";
				CLANG_ENABLE_MODULES = YES;
				CLANG_ENABLE_OBJC_ARC = YES;
				CLANG_ENABLE_OBJC_WEAK = YES;
				CLANG_WARN_BLOCK_CAPTURE_AUTORELEASING = YES;
				CLANG_WARN_BOOL_CONVERSION = YES;
				CLANG_WARN_COMMA = YES;
				CLANG_WARN_CONSTANT_CONVERSION = YES;
				CLANG_WARN_DEPRECATED_OBJC_IMPLEMENTATIONS = YES;
				CLANG_WARN_DIRECT_OBJC_ISA_USAGE = YES_ERROR;
				CLANG_WARN_DOCUMENTATION_COMMENTS = YES;
				CLANG_WARN_EMPTY_BODY = YES;
				CLANG_WARN_ENUM_CONVERSION = YES;
				CLANG_WARN_INFINITE_RECURSION = YES;
				CLANG_WARN_INT_CONVERSION = YES;
				CLANG_WARN_NON_LITERAL_NULL_CONVERSION = YES;
				CLANG_WARN_OBJC_IMPLICIT_RETAIN_SELF = YES;
				CLANG_WARN_OBJC_LITERAL_CONVERSION = YES;
				CLANG_WARN_OBJC_ROOT_CLASS = YES_ERROR;
				CLANG_WARN_QUOTED_INCLUDE_IN_FRAMEWORK_HEADER = YES;
				CLANG_WARN_RANGE_LOOP_ANALYSIS = YES;
				CLANG_WARN_STRICT_PROTOTYPES = YES;
				CLANG_WARN_SUSPICIOUS_MOVE = YES;
				CLANG_WARN_UNGUARDED_AVAILABILITY = YES_AGGRESSIVE;
				CLANG_WARN_UNREACHABLE_CODE = YES;
				CLANG_WARN__DUPLICATE_METHOD_MATCH = YES;
				COPY_PHASE_STRIP = YES;
				DEAD_CODE_STRIPPING = YES;
				DEBUG_INFORMATION_FORMAT = "dwarf-with-dsym";
				ENABLE_BITCODE = YES;
				ENABLE_NS_ASSERTIONS = NO;
				ENABLE_STRICT_OBJC_MSGSEND = YES;
				ENABLE_TESTABILITY = NO;
				GCC_C_LANGUAGE_STANDARD = gnu11;
				GCC_NO_COMMON_BLOCKS = YES;
				GCC_OPTIMIZATION_LEVEL = s;
				GCC_WARN_64_TO_32_BIT_CONVERSION = YES;
				GCC_WARN_ABOUT_RETURN_TYPE = YES_ERROR;
				GCC_WARN_UNDECLARED_SELECTOR = YES;
				GCC_WARN_UNINITIALIZED_AUTOS = YES_AGGRESSIVE;
				GCC_WARN_UNUSED_FUNCTION = YES;
				GCC_WARN_UNUSED_VARIABLE = YES;
				IPHONEOS_DEPLOYMENT_TARGET = 15.0;
				MTL_ENABLE_DEBUG_INFO = NO;
				MTL_FAST_MATH = YES;
				PRODUCT_NAME = "$(TARGET_NAME)";
				SDKROOT = iphoneos;
				STRIP_INSTALLED_PRODUCT = YES;
				STRIP_STYLE = "non-global";
				SWIFT_COMPILATION_MODE = wholemodule;
				SWIFT_OPTIMIZATION_LEVEL = "-Osize";
				SWIFT_VERSION = 5.0;
				VALID_ARCHS = arm64;
			};
			name = Release;
		};
		BC0DE12B5A927F66D37D4B03 /* Debug */ = {
			isa = XCBuildConfiguration;
			buildSettings = {
				ASSETCATALOG_COMPILER_APPICON_NAME = AppIcon;
				CODE_SIGN_IDENTITY = "iPhone Developer";
				CURRENT_PROJECT_VERSION = 1;
				INFOPLIST_FILE = Sources/Info.plist;
				IPHONEOS_DEPLOYMENT_TARGET = 15.0;
				LD_RUNPATH_SEARCH_PATHS = (
					"$(inherited)",
					"@executable_path/Frameworks",
				);
				MARKETING_VERSION = 1.0;
				PRODUCT_BUNDLE_IDENTIFIER = app.berrry.debugger;
				SDKROOT = iphoneos;
				TARGETED_DEVICE_FAMILY = "1,2";
			};
			name = Debug;
		};
/* End XCBuildConfiguration section */

/* Begin XCConfigurationList section */
		4A026D0BCBD315FE25DA8964 /* Build configuration list for PBXProject "BerrryDebugger" */ = {
			isa = XCConfigurationList;
			buildConfigurations = (
				53A8D3F142C78E8E2D513752 /* Debug */,
				85270FE040F1D683572418B6 /* Release */,
			);
			defaultConfigurationIsVisible = 0;
			defaultConfigurationName = Debug;
		};
		58F7EF61DE2C555FF87CDF9C /* Build configuration list for PBXNativeTarget "BerrryDebugger" */ = {
			isa = XCConfigurationList;
			buildConfigurations = (
				BC0DE12B5A927F66D37D4B03 /* Debug */,
				5D5411F086ED4C1638396892 /* Release */,
			);
			defaultConfigurationIsVisible = 0;
			defaultConfigurationName = Debug;
		};
/* End XCConfigurationList section */
	};
	rootObject = FA438E54350C1995D427BE70 /* Project object */;
}
